
Microsoft Visual Studio Solution File, Format Version 12.00
# Visual Studio Version 17
VisualStudioVersion = 17.2.32630.192
MinimumVisualStudioVersion = 10.0.40219.1
Project("{FAE04EC0-301F-11D3-BF4B-00C04F79EFBC}") = "Christian_Resume_Web_API", "Christian_Resume_Web_API.csproj", "{869F12AB-C3C4-45CA-BF62-F378AAFC9539}"
EndProject
Global
	GlobalSection(SolutionConfigurationPlatforms) = preSolution
		Debug|Any CPU = Debug|Any CPU
		Release|Any CPU = Release|Any CPU
	EndGlobalSection
	GlobalSection(ProjectConfigurationPlatforms) = postSolution
		{869F12AB-C3C4-45CA-BF62-F378AAFC9539}.Debug|Any CPU.ActiveCfg = Debug|Any CPU
		{869F12AB-C3C4-45CA-BF62-F378AAFC9539}.Debug|Any CPU.Build.0 = Debug|Any CPU
		{869F12AB-C3C4-45CA-BF62-F378AAFC9539}.Release|Any CPU.ActiveCfg = Release|Any CPU
		{869F12AB-C3C4-45CA-BF62-F378AAFC9539}.Release|Any CPU.Build.0 = Release|Any CPU
	EndGlobalSection
	GlobalSection(SolutionProperties) = preSolution
		HideSolutionNode = FALSE
	EndGlobalSection
	GlobalSection(ExtensibilityGlobals) = postSolution
		SolutionGuid = {24C55338-531E-4328-A9EE-600DD9043C9B}
	EndGlobalSection
EndGlobal
